{
  "name": "blog-bundle-publisher",
  "version": "1.0.0",
  "lockfileVersion": 3,
  "requires": true,
  "packages": {
    "": {
      "name": "blog-bundle-publisher",
      "version": "1.0.0",
      "license": "ISC",
      "dependencies": {
        "marked": "^14.1.1",
        "marked-base-url": "^1.1.5"
      }
    },
    "node_modules/marked": {
      "version": "14.1.1",
      "resolved": "https://registry.npmjs.org/marked/-/marked-14.1.1.tgz",
      "integrity": "sha512-eS59oxof5eBVDCKTs+mJbvB/6Vq137GbimF9wkTIlto2/B2ppY5nigUUQgKVmA3bI2mPTIshUyDj5j612ZxlQQ==",
      "bin": {
        "marked": "bin/marked.js"
      },
      "engines": {
        "node": ">= 18"
      }
    },
    "node_modules/marked-base-url": {
      "version": "1.1.5",
      "resolved": "https://registry.npmjs.org/marked-base-url/-/marked-base-url-1.1.5.tgz",
      "integrity": "sha512-Nie3hBoOeDgrwPyk80GIAvCTYJXUKo5FWbJ6yUQWaABsYPOwuJ4bcrNrKasPmR+8BV35AoiXBCAkS1uaMhkT3A==",
      "peerDependencies": {
        "marked": ">= 4 < 15"
      }
    }
  }
}
